{
  "requires": true,
  "lockfileVersion": 1,
  "dependencies": {
    "ionicons": {
      "version": "4.5.8",
      "resolved": "https://registry.npmjs.org/ionicons/-/ionicons-4.5.8.tgz",
      "integrity": "sha512-Zib/fFGHt+r9tWrvZnrxVj22cO4NVj+ZOb76v5yiOyvb0LSTbbReECDg7lEU8e+YR69qCtWHruStJ+b4G/OWxg=="
    }
  }
}
